
Microsoft Visual Studio Solution File, Format Version 12.00
# Visual Studio Version 17
VisualStudioVersion = 17.10.34928.147
MinimumVisualStudioVersion = 10.0.40219.1
Project("{FAE04EC0-301F-11D3-BF4B-00C04F79EFBC}") = "DemoProject", "DemoProject\DemoProject.csproj", "{F86E5692-E430-456C-B08D-28BB02D24DEC}"
EndProject
Global
	GlobalSection(SolutionConfigurationPlatforms) = preSolution
		Debug|Any CPU = Debug|Any CPU
		Release|Any CPU = Release|Any CPU
	EndGlobalSection
	GlobalSection(ProjectConfigurationPlatforms) = postSolution
		{F86E5692-E430-456C-B08D-28BB02D24DEC}.Debug|Any CPU.ActiveCfg = Debug|Any CPU
		{F86E5692-E430-456C-B08D-28BB02D24DEC}.Debug|Any CPU.Build.0 = Debug|Any CPU
		{F86E5692-E430-456C-B08D-28BB02D24DEC}.Release|Any CPU.ActiveCfg = Release|Any CPU
		{F86E5692-E430-456C-B08D-28BB02D24DEC}.Release|Any CPU.Build.0 = Release|Any CPU
	EndGlobalSection
	GlobalSection(SolutionProperties) = preSolution
		HideSolutionNode = FALSE
	EndGlobalSection
	GlobalSection(ExtensibilityGlobals) = postSolution
		SolutionGuid = {25BF0593-0AC8-4A29-A69D-531FC007EBFB}
	EndGlobalSection
EndGlobal
